// !$*UTF8*$!
{
	archiveVersion = 1;
	classes = {
	};
	objectVersion = 56;
	objects = {

/* Begin PBXBuildFile section */
		042CC9532B658FF400DB506E /* SportsAppUITests.swift in Sources */ = {isa = PBXBuildFile; fileRef = 042CC9522B658FF400DB506E /* SportsAppUITests.swift */; };
		042CC9552B658FF400DB506E /* SportsAppUITestsLaunchTests.swift in Sources */ = {isa = PBXBuildFile; fileRef = 042CC9542B658FF400DB506E /* SportsAppUITestsLaunchTests.swift */; };
		042CC95D2B6590E600DB506E /* SportsAppTests.swift in Sources */ = {isa = PBXBuildFile; fileRef = 042CC95C2B6590E600DB506E /* SportsAppTests.swift */; };
		042CC9602B6591B800DB506E /* NetworkReachabilityHandlerTests.swift in Sources */ = {isa = PBXBuildFile; fileRef = 042CC95F2B6591B800DB506E /* NetworkReachabilityHandlerTests.swift */; };
		048911BD2B642BE600F08FF7 /* HeaderCollectionReusableView.swift in Sources */ = {isa = PBXBuildFile; fileRef = 048911BC2B642BE600F08FF7 /* HeaderCollectionReusableView.swift */; };
		04899AFC2B6D9D860077EC55 /* NoDataCollectionViewCell.swift in Sources */ = {isa = PBXBuildFile; fileRef = 04899AFA2B6D9D860077EC55 /* NoDataCollectionViewCell.swift */; };
		04899AFD2B6D9D860077EC55 /* NoDataCollectionViewCell.xib in Resources */ = {isa = PBXBuildFile; fileRef = 04899AFB2B6D9D860077EC55 /* NoDataCollectionViewCell.xib */; };
		048D0C9A2B682C2A0070CAB9 /* LeagueDetailsViewModel.swift in Sources */ = {isa = PBXBuildFile; fileRef = 048D0C992B682C2A0070CAB9 /* LeagueDetailsViewModel.swift */; };
		048DEA512B650C0A0002588E /* FavouriteScreenViewModel.swift in Sources */ = {isa = PBXBuildFile; fileRef = 048DEA502B650C0A0002588E /* FavouriteScreenViewModel.swift */; };
		048DEA532B650C660002588E /* LeagueViewModel.swift in Sources */ = {isa = PBXBuildFile; fileRef = 048DEA522B650C660002588E /* LeagueViewModel.swift */; };
		048DEA552B650C7C0002588E /* TeamViewModel.swift in Sources */ = {isa = PBXBuildFile; fileRef = 048DEA542B650C7C0002588E /* TeamViewModel.swift */; };
		048DEA572B650CA60002588E /* NetworkRequestHandler.swift in Sources */ = {isa = PBXBuildFile; fileRef = 048DEA562B650CA60002588E /* NetworkRequestHandler.swift */; };
		048DEA592B650CB50002588E /* NetworkReachabilityHandler.swift in Sources */ = {isa = PBXBuildFile; fileRef = 048DEA582B650CB50002588E /* NetworkReachabilityHandler.swift */; };
		048DEA5B2B651FDB0002588E /* League.swift in Sources */ = {isa = PBXBuildFile; fileRef = 048DEA5A2B651FDB0002588E /* League.swift */; };
		048DEA5D2B6521F90002588E /* Team.swift in Sources */ = {isa = PBXBuildFile; fileRef = 048DEA5C2B6521F90002588E /* Team.swift */; };
		048DEA5F2B6522530002588E /* Player.swift in Sources */ = {isa = PBXBuildFile; fileRef = 048DEA5E2B6522530002588E /* Player.swift */; };
		048DEA612B6522F10002588E /* Event.swift in Sources */ = {isa = PBXBuildFile; fileRef = 048DEA602B6522F00002588E /* Event.swift */; };
		048DEA672B652B5B0002588E /* Leagues.swift in Sources */ = {isa = PBXBuildFile; fileRef = 048DEA662B652B5B0002588E /* Leagues.swift */; };
		048DEA692B652DD00002588E /* Teams.swift in Sources */ = {isa = PBXBuildFile; fileRef = 048DEA682B652DD00002588E /* Teams.swift */; };
		048DEA6B2B65411D0002588E /* DependencyProvider.swift in Sources */ = {isa = PBXBuildFile; fileRef = 048DEA6A2B65411D0002588E /* DependencyProvider.swift */; };
		048DEA6D2B6546610002588E /* NoConnectionViewController.swift in Sources */ = {isa = PBXBuildFile; fileRef = 048DEA6C2B6546610002588E /* NoConnectionViewController.swift */; };
		048E34342B6268D800FD9B9F /* SportLeaguesTableViewController.swift in Sources */ = {isa = PBXBuildFile; fileRef = 048E34332B6268D800FD9B9F /* SportLeaguesTableViewController.swift */; };
		048E34372B6269F300FD9B9F /* CustomTableViewCell.swift in Sources */ = {isa = PBXBuildFile; fileRef = 048E34352B6269F300FD9B9F /* CustomTableViewCell.swift */; };
		048E34382B6269F300FD9B9F /* CustomTableViewCell.xib in Resources */ = {isa = PBXBuildFile; fileRef = 048E34362B6269F300FD9B9F /* CustomTableViewCell.xib */; };
		048E34412B628C1F00FD9B9F /* CutomCollectionViewCell.swift in Sources */ = {isa = PBXBuildFile; fileRef = 048E343F2B628C1F00FD9B9F /* CutomCollectionViewCell.swift */; };
		048E34422B628C1F00FD9B9F /* CutomCollectionViewCell.xib in Resources */ = {isa = PBXBuildFile; fileRef = 048E34402B628C1F00FD9B9F /* CutomCollectionViewCell.xib */; };
		048E34472B628C5600FD9B9F /* TeamCollectionViewCell.swift in Sources */ = {isa = PBXBuildFile; fileRef = 048E34452B628C5600FD9B9F /* TeamCollectionViewCell.swift */; };
		048E34482B628C5600FD9B9F /* TeamCollectionViewCell.xib in Resources */ = {isa = PBXBuildFile; fileRef = 048E34462B628C5600FD9B9F /* TeamCollectionViewCell.xib */; };
		048E344A2B62D3D700FD9B9F /* LeagueDetailViewController.swift in Sources */ = {isa = PBXBuildFile; fileRef = 048E34492B62D3D700FD9B9F /* LeagueDetailViewController.swift */; };
		048E344C2B63010700FD9B9F /* FavouriteScreenViewController.swift in Sources */ = {isa = PBXBuildFile; fileRef = 048E344B2B63010700FD9B9F /* FavouriteScreenViewController.swift */; };
		048F683C2B60C39900540BD4 /* HomeCollectionViewCell.swift in Sources */ = {isa = PBXBuildFile; fileRef = 048F683A2B60C39900540BD4 /* HomeCollectionViewCell.swift */; };
		048F683D2B60C39900540BD4 /* HomeCollectionViewCell.xib in Resources */ = {isa = PBXBuildFile; fileRef = 048F683B2B60C39900540BD4 /* HomeCollectionViewCell.xib */; };
		049012B72B5D76AD00D87A09 /* AppDelegate.swift in Sources */ = {isa = PBXBuildFile; fileRef = 049012B62B5D76AD00D87A09 /* AppDelegate.swift */; };
		049012B92B5D76AD00D87A09 /* SceneDelegate.swift in Sources */ = {isa = PBXBuildFile; fileRef = 049012B82B5D76AD00D87A09 /* SceneDelegate.swift */; };
		049012BE2B5D76AD00D87A09 /* Main.storyboard in Resources */ = {isa = PBXBuildFile; fileRef = 049012BC2B5D76AD00D87A09 /* Main.storyboard */; };
		049012C02B5D76B000D87A09 /* Assets.xcassets in Resources */ = {isa = PBXBuildFile; fileRef = 049012BF2B5D76B000D87A09 /* Assets.xcassets */; };
		049012C32B5D76B000D87A09 /* LaunchScreen.storyboard in Resources */ = {isa = PBXBuildFile; fileRef = 049012C12B5D76B000D87A09 /* LaunchScreen.storyboard */; };
		0494E8B92B5F553900F4AE2E /* LaunchScreenVC.swift in Sources */ = {isa = PBXBuildFile; fileRef = 0494E8B82B5F553900F4AE2E /* LaunchScreenVC.swift */; };
		04A4F95B2B63B864004820FB /* TeamDetailsViewController.swift in Sources */ = {isa = PBXBuildFile; fileRef = 04A4F95A2B63B864004820FB /* TeamDetailsViewController.swift */; };
		04A4F95E2B63D5C0004820FB /* TeamPlayerCustomCell.swift in Sources */ = {isa = PBXBuildFile; fileRef = 04A4F95C2B63D5C0004820FB /* TeamPlayerCustomCell.swift */; };
		04A4F95F2B63D5C0004820FB /* TeamPlayerCustomCell.xib in Resources */ = {isa = PBXBuildFile; fileRef = 04A4F95D2B63D5C0004820FB /* TeamPlayerCustomCell.xib */; };
		04A9F3CF2B5F904100725B7A /* HomeViewController.swift in Sources */ = {isa = PBXBuildFile; fileRef = 04A9F3CE2B5F904100725B7A /* HomeViewController.swift */; };
		04AB62082B60EA6B00F8AA7C /* Constants.swift in Sources */ = {isa = PBXBuildFile; fileRef = 04AB62072B60EA6B00F8AA7C /* Constants.swift */; };
		04B8DC9B2B6957B20027779D /* Observable.swift in Sources */ = {isa = PBXBuildFile; fileRef = 04B8DC9A2B6957B20027779D /* Observable.swift */; };
		04B8DC9D2B699A510027779D /* Events.swift in Sources */ = {isa = PBXBuildFile; fileRef = 04B8DC9C2B699A510027779D /* Events.swift */; };
		04F7FCB82B5FF283001A6443 /* fav.json in Resources */ = {isa = PBXBuildFile; fileRef = 04F7FCB72B5FF283001A6443 /* fav.json */; };
		04F7FCBA2B5FF28C001A6443 /* ball.json in Resources */ = {isa = PBXBuildFile; fileRef = 04F7FCB92B5FF28C001A6443 /* ball.json */; };
		04F7FCC22B6005BF001A6443 /* HomeViewModel.swift in Sources */ = {isa = PBXBuildFile; fileRef = 04F7FCC12B6005BF001A6443 /* HomeViewModel.swift */; };
		04F7FCCD2B6011D3001A6443 /* APIHelper.swift in Sources */ = {isa = PBXBuildFile; fileRef = 04F7FCCC2B6011D3001A6443 /* APIHelper.swift */; };
		DD126706F0B543E465256512 /* Pods_SportsApp.framework in Frameworks */ = {isa = PBXBuildFile; fileRef = 5B87074929332DF6CBB205AF /* Pods_SportsApp.framework */; };
/* End PBXBuildFile section */

/* Begin PBXContainerItemProxy section */
		042CC9562B658FF400DB506E /* PBXContainerItemProxy */ = {
			isa = PBXContainerItemProxy;
			containerPortal = 049012AB2B5D76AD00D87A09 /* Project object */;
			proxyType = 1;
			remoteGlobalIDString = 049012B22B5D76AD00D87A09;
			remoteInfo = SportsApp;
		};
		04F7FCD62B602292001A6443 /* PBXContainerItemProxy */ = {
			isa = PBXContainerItemProxy;
			containerPortal = 049012AB2B5D76AD00D87A09 /* Project object */;
			proxyType = 1;
			remoteGlobalIDString = 049012B22B5D76AD00D87A09;
			remoteInfo = SportsApp;
		};
/* End PBXContainerItemProxy section */

/* Begin PBXFileReference section */
		042CC9502B658FF400DB506E /* SportsAppUITests.xctest */ = {isa = PBXFileReference; explicitFileType = wrapper.cfbundle; includeInIndex = 0; path = SportsAppUITests.xctest; sourceTree = BUILT_PRODUCTS_DIR; };
		042CC9522B658FF400DB506E /* SportsAppUITests.swift */ = {isa = PBXFileReference; lastKnownFileType = sourcecode.swift; path = SportsAppUITests.swift; sourceTree = "<group>"; };
		042CC9542B658FF400DB506E /* SportsAppUITestsLaunchTests.swift */ = {isa = PBXFileReference; lastKnownFileType = sourcecode.swift; path = SportsAppUITestsLaunchTests.swift; sourceTree = "<group>"; };
		042CC95C2B6590E600DB506E /* SportsAppTests.swift */ = {isa = PBXFileReference; fileEncoding = 4; lastKnownFileType = sourcecode.swift; path = SportsAppTests.swift; sourceTree = "<group>"; };
		042CC95F2B6591B800DB506E /* NetworkReachabilityHandlerTests.swift */ = {isa = PBXFileReference; lastKnownFileType = sourcecode.swift; path = NetworkReachabilityHandlerTests.swift; sourceTree = "<group>"; };
		048911BC2B642BE600F08FF7 /* HeaderCollectionReusableView.swift */ = {isa = PBXFileReference; lastKnownFileType = sourcecode.swift; path = HeaderCollectionReusableView.swift; sourceTree = "<group>"; };
		04899AFA2B6D9D860077EC55 /* NoDataCollectionViewCell.swift */ = {isa = PBXFileReference; lastKnownFileType = sourcecode.swift; path = NoDataCollectionViewCell.swift; sourceTree = "<group>"; };
		04899AFB2B6D9D860077EC55 /* NoDataCollectionViewCell.xib */ = {isa = PBXFileReference; lastKnownFileType = file.xib; path = NoDataCollectionViewCell.xib; sourceTree = "<group>"; };
		048D0C992B682C2A0070CAB9 /* LeagueDetailsViewModel.swift */ = {isa = PBXFileReference; lastKnownFileType = sourcecode.swift; path = LeagueDetailsViewModel.swift; sourceTree = "<group>"; };
		048DEA502B650C0A0002588E /* FavouriteScreenViewModel.swift */ = {isa = PBXFileReference; lastKnownFileType = sourcecode.swift; path = FavouriteScreenViewModel.swift; sourceTree = "<group>"; };
		048DEA522B650C660002588E /* LeagueViewModel.swift */ = {isa = PBXFileReference; lastKnownFileType = sourcecode.swift; path = LeagueViewModel.swift; sourceTree = "<group>"; };
		048DEA542B650C7C0002588E /* TeamViewModel.swift */ = {isa = PBXFileReference; lastKnownFileType = sourcecode.swift; path = TeamViewModel.swift; sourceTree = "<group>"; };
		048DEA562B650CA60002588E /* NetworkRequestHandler.swift */ = {isa = PBXFileReference; lastKnownFileType = sourcecode.swift; path = NetworkRequestHandler.swift; sourceTree = "<group>"; };
		048DEA582B650CB50002588E /* NetworkReachabilityHandler.swift */ = {isa = PBXFileReference; lastKnownFileType = sourcecode.swift; path = NetworkReachabilityHandler.swift; sourceTree = "<group>"; };
		048DEA5A2B651FDB0002588E /* League.swift */ = {isa = PBXFileReference; lastKnownFileType = sourcecode.swift; path = League.swift; sourceTree = "<group>"; };
		048DEA5C2B6521F90002588E /* Team.swift */ = {isa = PBXFileReference; lastKnownFileType = sourcecode.swift; path = Team.swift; sourceTree = "<group>"; };
		048DEA5E2B6522530002588E /* Player.swift */ = {isa = PBXFileReference; lastKnownFileType = sourcecode.swift; path = Player.swift; sourceTree = "<group>"; };
		048DEA602B6522F00002588E /* Event.swift */ = {isa = PBXFileReference; lastKnownFileType = sourcecode.swift; path = Event.swift; sourceTree = "<group>"; };
		048DEA662B652B5B0002588E /* Leagues.swift */ = {isa = PBXFileReference; lastKnownFileType = sourcecode.swift; path = Leagues.swift; sourceTree = "<group>"; };
		048DEA682B652DD00002588E /* Teams.swift */ = {isa = PBXFileReference; lastKnownFileType = sourcecode.swift; path = Teams.swift; sourceTree = "<group>"; };
		048DEA6A2B65411D0002588E /* DependencyProvider.swift */ = {isa = PBXFileReference; lastKnownFileType = sourcecode.swift; path = DependencyProvider.swift; sourceTree = "<group>"; };
		048DEA6C2B6546610002588E /* NoConnectionViewController.swift */ = {isa = PBXFileReference; lastKnownFileType = sourcecode.swift; path = NoConnectionViewController.swift; sourceTree = "<group>"; };
		048E34332B6268D800FD9B9F /* SportLeaguesTableViewController.swift */ = {isa = PBXFileReference; lastKnownFileType = sourcecode.swift; path = SportLeaguesTableViewController.swift; sourceTree = "<group>"; };
		048E34352B6269F300FD9B9F /* CustomTableViewCell.swift */ = {isa = PBXFileReference; lastKnownFileType = sourcecode.swift; path = CustomTableViewCell.swift; sourceTree = "<group>"; };
		048E34362B6269F300FD9B9F /* CustomTableViewCell.xib */ = {isa = PBXFileReference; lastKnownFileType = file.xib; path = CustomTableViewCell.xib; sourceTree = "<group>"; };
		048E343F2B628C1F00FD9B9F /* CutomCollectionViewCell.swift */ = {isa = PBXFileReference; lastKnownFileType = sourcecode.swift; path = CutomCollectionViewCell.swift; sourceTree = "<group>"; };
		048E34402B628C1F00FD9B9F /* CutomCollectionViewCell.xib */ = {isa = PBXFileReference; lastKnownFileType = file.xib; path = CutomCollectionViewCell.xib; sourceTree = "<group>"; };
		048E34452B628C5600FD9B9F /* TeamCollectionViewCell.swift */ = {isa = PBXFileReference; lastKnownFileType = sourcecode.swift; path = TeamCollectionViewCell.swift; sourceTree = "<group>"; };
		048E34462B628C5600FD9B9F /* TeamCollectionViewCell.xib */ = {isa = PBXFileReference; lastKnownFileType = file.xib; path = TeamCollectionViewCell.xib; sourceTree = "<group>"; };
		048E34492B62D3D700FD9B9F /* LeagueDetailViewController.swift */ = {isa = PBXFileReference; lastKnownFileType = sourcecode.swift; path = LeagueDetailViewController.swift; sourceTree = "<group>"; };
		048E344B2B63010700FD9B9F /* FavouriteScreenViewController.swift */ = {isa = PBXFileReference; lastKnownFileType = sourcecode.swift; path = FavouriteScreenViewController.swift; sourceTree = "<group>"; };
		048F683A2B60C39900540BD4 /* HomeCollectionViewCell.swift */ = {isa = PBXFileReference; lastKnownFileType = sourcecode.swift; path = HomeCollectionViewCell.swift; sourceTree = "<group>"; };
		048F683B2B60C39900540BD4 /* HomeCollectionViewCell.xib */ = {isa = PBXFileReference; lastKnownFileType = file.xib; path = HomeCollectionViewCell.xib; sourceTree = "<group>"; };
		049012B32B5D76AD00D87A09 /* SportsApp.app */ = {isa = PBXFileReference; explicitFileType = wrapper.application; includeInIndex = 0; path = SportsApp.app; sourceTree = BUILT_PRODUCTS_DIR; };
		049012B62B5D76AD00D87A09 /* AppDelegate.swift */ = {isa = PBXFileReference; lastKnownFileType = sourcecode.swift; path = AppDelegate.swift; sourceTree = "<group>"; };
		049012B82B5D76AD00D87A09 /* SceneDelegate.swift */ = {isa = PBXFileReference; lastKnownFileType = sourcecode.swift; path = SceneDelegate.swift; sourceTree = "<group>"; };
		049012BD2B5D76AD00D87A09 /* Base */ = {isa = PBXFileReference; lastKnownFileType = file.storyboard; name = Base; path = Base.lproj/Main.storyboard; sourceTree = "<group>"; };
		049012BF2B5D76B000D87A09 /* Assets.xcassets */ = {isa = PBXFileReference; lastKnownFileType = folder.assetcatalog; path = Assets.xcassets; sourceTree = "<group>"; };
		049012C22B5D76B000D87A09 /* Base */ = {isa = PBXFileReference; lastKnownFileType = file.storyboard; name = Base; path = Base.lproj/LaunchScreen.storyboard; sourceTree = "<group>"; };
		049012C42B5D76B000D87A09 /* Info.plist */ = {isa = PBXFileReference; lastKnownFileType = text.plist.xml; path = Info.plist; sourceTree = "<group>"; };
		0494E8B82B5F553900F4AE2E /* LaunchScreenVC.swift */ = {isa = PBXFileReference; lastKnownFileType = sourcecode.swift; path = LaunchScreenVC.swift; sourceTree = "<group>"; };
		04A4F95A2B63B864004820FB /* TeamDetailsViewController.swift */ = {isa = PBXFileReference; lastKnownFileType = sourcecode.swift; path = TeamDetailsViewController.swift; sourceTree = "<group>"; };
		04A4F95C2B63D5C0004820FB /* TeamPlayerCustomCell.swift */ = {isa = PBXFileReference; lastKnownFileType = sourcecode.swift; path = TeamPlayerCustomCell.swift; sourceTree = "<group>"; };
		04A4F95D2B63D5C0004820FB /* TeamPlayerCustomCell.xib */ = {isa = PBXFileReference; lastKnownFileType = file.xib; path = TeamPlayerCustomCell.xib; sourceTree = "<group>"; };
		04A9F3CE2B5F904100725B7A /* HomeViewController.swift */ = {isa = PBXFileReference; lastKnownFileType = sourcecode.swift; path = HomeViewController.swift; sourceTree = "<group>"; };
		04AB62072B60EA6B00F8AA7C /* Constants.swift */ = {isa = PBXFileReference; lastKnownFileType = sourcecode.swift; path = Constants.swift; sourceTree = "<group>"; };
		04B8DC9A2B6957B20027779D /* Observable.swift */ = {isa = PBXFileReference; lastKnownFileType = sourcecode.swift; path = Observable.swift; sourceTree = "<group>"; };
		04B8DC9C2B699A510027779D /* Events.swift */ = {isa = PBXFileReference; lastKnownFileType = sourcecode.swift; path = Events.swift; sourceTree = "<group>"; };
		04F7FCB72B5FF283001A6443 /* fav.json */ = {isa = PBXFileReference; fileEncoding = 4; lastKnownFileType = text.json; path = fav.json; sourceTree = "<group>"; };
		04F7FCB92B5FF28C001A6443 /* ball.json */ = {isa = PBXFileReference; fileEncoding = 4; lastKnownFileType = text.json; path = ball.json; sourceTree = "<group>"; };
		04F7FCC12B6005BF001A6443 /* HomeViewModel.swift */ = {isa = PBXFileReference; lastKnownFileType = sourcecode.swift; path = HomeViewModel.swift; sourceTree = "<group>"; };
		04F7FCCC2B6011D3001A6443 /* APIHelper.swift */ = {isa = PBXFileReference; lastKnownFileType = sourcecode.swift; path = APIHelper.swift; sourceTree = "<group>"; };
		04F7FCD22B602292001A6443 /* SportsAppTests.xctest */ = {isa = PBXFileReference; explicitFileType = wrapper.cfbundle; includeInIndex = 0; path = SportsAppTests.xctest; sourceTree = BUILT_PRODUCTS_DIR; };
		2AE0C3B627C4CCCF09D5E3C1 /* Pods-SportsApp.debug.xcconfig */ = {isa = PBXFileReference; includeInIndex = 1; lastKnownFileType = text.xcconfig; name = "Pods-SportsApp.debug.xcconfig"; path = "Target Support Files/Pods-SportsApp/Pods-SportsApp.debug.xcconfig"; sourceTree = "<group>"; };
		5B87074929332DF6CBB205AF /* Pods_SportsApp.framework */ = {isa = PBXFileReference; explicitFileType = wrapper.framework; includeInIndex = 0; path = Pods_SportsApp.framework; sourceTree = BUILT_PRODUCTS_DIR; };
		BD07569AC71DC5FA7E62FE9F /* Pods-SportsApp.release.xcconfig */ = {isa = PBXFileReference; includeInIndex = 1; lastKnownFileType = text.xcconfig; name = "Pods-SportsApp.release.xcconfig"; path = "Target Support Files/Pods-SportsApp/Pods-SportsApp.release.xcconfig"; sourceTree = "<group>"; };
/* End PBXFileReference section */

/* Begin PBXFrameworksBuildPhase section */
		042CC94D2B658FF400DB506E /* Frameworks */ = {
			isa = PBXFrameworksBuildPhase;
			buildActionMask = 2147483647;
			files = (
			);
			runOnlyForDeploymentPostprocessing = 0;
		};
		049012B02B5D76AD00D87A09 /* Frameworks */ = {
			isa = PBXFrameworksBuildPhase;
			buildActionMask = 2147483647;
			files = (
				DD126706F0B543E465256512 /* Pods_SportsApp.framework in Frameworks */,
			);
			runOnlyForDeploymentPostprocessing = 0;
		};
		04F7FCCF2B602292001A6443 /* Frameworks */ = {
			isa = PBXFrameworksBuildPhase;
			buildActionMask = 2147483647;
			files = (
			);
			runOnlyForDeploymentPostprocessing = 0;
		};
/* End PBXFrameworksBuildPhase section */

/* Begin PBXGroup section */
		042CC9512B658FF400DB506E /* SportsAppUITests */ = {
			isa = PBXGroup;
			children = (
				042CC9522B658FF400DB506E /* SportsAppUITests.swift */,
				042CC9542B658FF400DB506E /* SportsAppUITestsLaunchTests.swift */,
			);
			path = SportsAppUITests;
			sourceTree = "<group>";
		};
		043952E62B5D968700B1084C /* View */ = {
			isa = PBXGroup;
			children = (
				049012BC2B5D76AD00D87A09 /* Main.storyboard */,
				049012C12B5D76B000D87A09 /* LaunchScreen.storyboard */,
			);
			path = View;
			sourceTree = "<group>";
		};
		043952E72B5D968D00B1084C /* Model */ = {
			isa = PBXGroup;
			children = (
				048DEA662B652B5B0002588E /* Leagues.swift */,
				048DEA5A2B651FDB0002588E /* League.swift */,
				048DEA602B6522F00002588E /* Event.swift */,
				048DEA682B652DD00002588E /* Teams.swift */,
				048DEA5C2B6521F90002588E /* Team.swift */,
				048DEA5E2B6522530002588E /* Player.swift */,
				04B8DC9C2B699A510027779D /* Events.swift */,
			);
			path = Model;
			sourceTree = "<group>";
		};
		043952E82B5D969400B1084C /* Modules */ = {
			isa = PBXGroup;
			children = (
				0494E8BA2B5F57D600F4AE2E /* LaunchScreen */,
				04A9F3CB2B5F900300725B7A /* HomeScreen */,
				04F7FCBE2B5FF9EE001A6443 /* FavouritesScreen */,
				048E342F2B62668700FD9B9F /* SportLeaguesScreen */,
				048E34392B628BA900FD9B9F /* LeagueDetailsScreen */,
				04A4F9562B63B7D3004820FB /* TeamDetailsScreen */,
			);
			path = Modules;
			sourceTree = "<group>";
		};
		043952E92B5D96AF00B1084C /* Caching */ = {
			isa = PBXGroup;
			children = (
			);
			path = Caching;
			sourceTree = "<group>";
		};
		043952EA2B5D96B900B1084C /* Services */ = {
			isa = PBXGroup;
			children = (
				048DEA562B650CA60002588E /* NetworkRequestHandler.swift */,
				048DEA582B650CB50002588E /* NetworkReachabilityHandler.swift */,
				048DEA6A2B65411D0002588E /* DependencyProvider.swift */,
			);
			path = Services;
			sourceTree = "<group>";
		};
		043952EB2B5D96C700B1084C /* Utility */ = {
			isa = PBXGroup;
			children = (
				04F7FCCB2B6011AA001A6443 /* API */,
				04F7FCBD2B5FF29E001A6443 /* LottieAnimation */,
				04AB62072B60EA6B00F8AA7C /* Constants.swift */,
			);
			path = Utility;
			sourceTree = "<group>";
		};
		048911BA2B642B6F00F08FF7 /* CollectionCells */ = {
			isa = PBXGroup;
			children = (
				048E343F2B628C1F00FD9B9F /* CutomCollectionViewCell.swift */,
				048E34402B628C1F00FD9B9F /* CutomCollectionViewCell.xib */,
				048E34452B628C5600FD9B9F /* TeamCollectionViewCell.swift */,
				048E34462B628C5600FD9B9F /* TeamCollectionViewCell.xib */,
				04899AFA2B6D9D860077EC55 /* NoDataCollectionViewCell.swift */,
				04899AFB2B6D9D860077EC55 /* NoDataCollectionViewCell.xib */,
			);
			path = CollectionCells;
			sourceTree = "<group>";
		};
		048911BB2B642B9D00F08FF7 /* CollectionSectionHeader */ = {
			isa = PBXGroup;
			children = (
				048911BC2B642BE600F08FF7 /* HeaderCollectionReusableView.swift */,
			);
			path = CollectionSectionHeader;
			sourceTree = "<group>";
		};
		048E342F2B62668700FD9B9F /* SportLeaguesScreen */ = {
			isa = PBXGroup;
			children = (
				048E34312B62689B00FD9B9F /* ViewModel */,
				048E34302B62688D00FD9B9F /* View */,
			);
			path = SportLeaguesScreen;
			sourceTree = "<group>";
		};
		048E34302B62688D00FD9B9F /* View */ = {
			isa = PBXGroup;
			children = (
				048E34332B6268D800FD9B9F /* SportLeaguesTableViewController.swift */,
				048E34352B6269F300FD9B9F /* CustomTableViewCell.swift */,
				048E34362B6269F300FD9B9F /* CustomTableViewCell.xib */,
			);
			path = View;
			sourceTree = "<group>";
		};
		048E34312B62689B00FD9B9F /* ViewModel */ = {
			isa = PBXGroup;
			children = (
				048DEA522B650C660002588E /* LeagueViewModel.swift */,
			);
			path = ViewModel;
			sourceTree = "<group>";
		};
		048E34392B628BA900FD9B9F /* LeagueDetailsScreen */ = {
			isa = PBXGroup;
			children = (
				048E343B2B628BC500FD9B9F /* ViewModel */,
				048E343A2B628BBC00FD9B9F /* View */,
			);
			path = LeagueDetailsScreen;
			sourceTree = "<group>";
		};
		048E343A2B628BBC00FD9B9F /* View */ = {
			isa = PBXGroup;
			children = (
				048911BB2B642B9D00F08FF7 /* CollectionSectionHeader */,
				048911BA2B642B6F00F08FF7 /* CollectionCells */,
				048E34492B62D3D700FD9B9F /* LeagueDetailViewController.swift */,
			);
			path = View;
			sourceTree = "<group>";
		};
		048E343B2B628BC500FD9B9F /* ViewModel */ = {
			isa = PBXGroup;
			children = (
				048D0C992B682C2A0070CAB9 /* LeagueDetailsViewModel.swift */,
			);
			path = ViewModel;
			sourceTree = "<group>";
		};
		049012AA2B5D76AD00D87A09 = {
			isa = PBXGroup;
			children = (
				042CC95F2B6591B800DB506E /* NetworkReachabilityHandlerTests.swift */,
				042CC95C2B6590E600DB506E /* SportsAppTests.swift */,
				049012B52B5D76AD00D87A09 /* SportsApp */,
				042CC9512B658FF400DB506E /* SportsAppUITests */,
				049012B42B5D76AD00D87A09 /* Products */,
				6E2066EBA3DC30102B54919A /* Pods */,
				9408A563500262F0D808D8C7 /* Frameworks */,
			);
			sourceTree = "<group>";
		};
		049012B42B5D76AD00D87A09 /* Products */ = {
			isa = PBXGroup;
			children = (
				049012B32B5D76AD00D87A09 /* SportsApp.app */,
				04F7FCD22B602292001A6443 /* SportsAppTests.xctest */,
				042CC9502B658FF400DB506E /* SportsAppUITests.xctest */,
			);
			name = Products;
			sourceTree = "<group>";
		};
		049012B52B5D76AD00D87A09 /* SportsApp */ = {
			isa = PBXGroup;
			children = (
				043952EB2B5D96C700B1084C /* Utility */,
				043952EA2B5D96B900B1084C /* Services */,
				043952E92B5D96AF00B1084C /* Caching */,
				043952E82B5D969400B1084C /* Modules */,
				043952E72B5D968D00B1084C /* Model */,
				043952E62B5D968700B1084C /* View */,
				049012B62B5D76AD00D87A09 /* AppDelegate.swift */,
				049012B82B5D76AD00D87A09 /* SceneDelegate.swift */,
				049012BF2B5D76B000D87A09 /* Assets.xcassets */,
				049012C42B5D76B000D87A09 /* Info.plist */,
			);
			path = SportsApp;
			sourceTree = "<group>";
		};
		0494E8BA2B5F57D600F4AE2E /* LaunchScreen */ = {
			isa = PBXGroup;
			children = (
				0494E8BB2B5F57E300F4AE2E /* View */,
			);
			path = LaunchScreen;
			sourceTree = "<group>";
		};
		0494E8BB2B5F57E300F4AE2E /* View */ = {
			isa = PBXGroup;
			children = (
				0494E8B82B5F553900F4AE2E /* LaunchScreenVC.swift */,
				048DEA6C2B6546610002588E /* NoConnectionViewController.swift */,
			);
			path = View;
			sourceTree = "<group>";
		};
		04A4F9562B63B7D3004820FB /* TeamDetailsScreen */ = {
			isa = PBXGroup;
			children = (
				04A4F9582B63B822004820FB /* ViewModel */,
				04A4F9572B63B81A004820FB /* View */,
			);
			path = TeamDetailsScreen;
			sourceTree = "<group>";
		};
		04A4F9572B63B81A004820FB /* View */ = {
			isa = PBXGroup;
			children = (
				04A4F95A2B63B864004820FB /* TeamDetailsViewController.swift */,
				04A4F95C2B63D5C0004820FB /* TeamPlayerCustomCell.swift */,
				04A4F95D2B63D5C0004820FB /* TeamPlayerCustomCell.xib */,
			);
			path = View;
			sourceTree = "<group>";
		};
		04A4F9582B63B822004820FB /* ViewModel */ = {
			isa = PBXGroup;
			children = (
				048DEA542B650C7C0002588E /* TeamViewModel.swift */,
			);
			path = ViewModel;
			sourceTree = "<group>";
		};
		04A9F3CB2B5F900300725B7A /* HomeScreen */ = {
			isa = PBXGroup;
			children = (
				04A9F3CD2B5F901300725B7A /* ViewModel */,
				04A9F3CC2B5F900E00725B7A /* View */,
			);
			path = HomeScreen;
			sourceTree = "<group>";
		};
		04A9F3CC2B5F900E00725B7A /* View */ = {
			isa = PBXGroup;
			children = (
				04A9F3CE2B5F904100725B7A /* HomeViewController.swift */,
				048F683A2B60C39900540BD4 /* HomeCollectionViewCell.swift */,
				048F683B2B60C39900540BD4 /* HomeCollectionViewCell.xib */,
			);
			path = View;
			sourceTree = "<group>";
		};
		04A9F3CD2B5F901300725B7A /* ViewModel */ = {
			isa = PBXGroup;
			children = (
				04F7FCC12B6005BF001A6443 /* HomeViewModel.swift */,
			);
			path = ViewModel;
			sourceTree = "<group>";
		};
		04F7FCBD2B5FF29E001A6443 /* LottieAnimation */ = {
			isa = PBXGroup;
			children = (
				04F7FCB72B5FF283001A6443 /* fav.json */,
				04F7FCB92B5FF28C001A6443 /* ball.json */,
			);
			path = LottieAnimation;
			sourceTree = "<group>";
		};
		04F7FCBE2B5FF9EE001A6443 /* FavouritesScreen */ = {
			isa = PBXGroup;
			children = (
				04F7FCC02B5FFA01001A6443 /* ViewModel */,
				04F7FCBF2B5FF9FB001A6443 /* View */,
			);
			path = FavouritesScreen;
			sourceTree = "<group>";
		};
		04F7FCBF2B5FF9FB001A6443 /* View */ = {
			isa = PBXGroup;
			children = (
				048E344B2B63010700FD9B9F /* FavouriteScreenViewController.swift */,
			);
			path = View;
			sourceTree = "<group>";
		};
		04F7FCC02B5FFA01001A6443 /* ViewModel */ = {
			isa = PBXGroup;
			children = (
				048DEA502B650C0A0002588E /* FavouriteScreenViewModel.swift */,
			);
			path = ViewModel;
			sourceTree = "<group>";
		};
		04F7FCCB2B6011AA001A6443 /* API */ = {
			isa = PBXGroup;
			children = (
				04F7FCCC2B6011D3001A6443 /* APIHelper.swift */,
				04B8DC9A2B6957B20027779D /* Observable.swift */,
			);
			path = API;
			sourceTree = "<group>";
		};
		6E2066EBA3DC30102B54919A /* Pods */ = {
			isa = PBXGroup;
			children = (
				2AE0C3B627C4CCCF09D5E3C1 /* Pods-SportsApp.debug.xcconfig */,
				BD07569AC71DC5FA7E62FE9F /* Pods-SportsApp.release.xcconfig */,
			);
			path = Pods;
			sourceTree = "<group>";
		};
		9408A563500262F0D808D8C7 /* Frameworks */ = {
			isa = PBXGroup;
			children = (
				5B87074929332DF6CBB205AF /* Pods_SportsApp.framework */,
			);
			name = Frameworks;
			sourceTree = "<group>";
		};
/* End PBXGroup section */

/* Begin PBXNativeTarget section */
		042CC94F2B658FF400DB506E /* SportsAppUITests */ = {
			isa = PBXNativeTarget;
			buildConfigurationList = 042CC9582B658FF400DB506E /* Build configuration list for PBXNativeTarget "SportsAppUITests" */;
			buildPhases = (
				042CC94C2B658FF400DB506E /* Sources */,
				042CC94D2B658FF400DB506E /* Frameworks */,
				042CC94E2B658FF400DB506E /* Resources */,
			);
			buildRules = (
			);
			dependencies = (
				042CC9572B658FF400DB506E /* PBXTargetDependency */,
			);
			name = SportsAppUITests;
			productName = SportsAppUITests;
			productReference = 042CC9502B658FF400DB506E /* SportsAppUITests.xctest */;
			productType = "com.apple.product-type.bundle.ui-testing";
		};
		049012B22B5D76AD00D87A09 /* SportsApp */ = {
			isa = PBXNativeTarget;
			buildConfigurationList = 049012C72B5D76B000D87A09 /* Build configuration list for PBXNativeTarget "SportsApp" */;
			buildPhases = (
				E9A23B6988E932086FDAC054 /* [CP] Check Pods Manifest.lock */,
				049012AF2B5D76AD00D87A09 /* Sources */,
				049012B02B5D76AD00D87A09 /* Frameworks */,
				049012B12B5D76AD00D87A09 /* Resources */,
				128776113A56619466430482 /* [CP] Embed Pods Frameworks */,
			);
			buildRules = (
			);
			dependencies = (
			);
			name = SportsApp;
			productName = SportsApp;
			productReference = 049012B32B5D76AD00D87A09 /* SportsApp.app */;
			productType = "com.apple.product-type.application";
		};
		04F7FCD12B602292001A6443 /* SportsAppTests */ = {
			isa = PBXNativeTarget;
			buildConfigurationList = 04F7FCD82B602292001A6443 /* Build configuration list for PBXNativeTarget "SportsAppTests" */;
			buildPhases = (
				04F7FCCE2B602292001A6443 /* Sources */,
				04F7FCCF2B602292001A6443 /* Frameworks */,
				04F7FCD02B602292001A6443 /* Resources */,
			);
			buildRules = (
			);
			dependencies = (
				04F7FCD72B602292001A6443 /* PBXTargetDependency */,
			);
			name = SportsAppTests;
			productName = SportsAppTests;
			productReference = 04F7FCD22B602292001A6443 /* SportsAppTests.xctest */;
			productType = "com.apple.product-type.bundle.unit-test";
		};
/* End PBXNativeTarget section */

/* Begin PBXProject section */
		049012AB2B5D76AD00D87A09 /* Project object */ = {
			isa = PBXProject;
			attributes = {
				BuildIndependentTargetsInParallel = 1;
				LastSwiftUpdateCheck = 1510;
				LastUpgradeCheck = 1510;
				TargetAttributes = {
					042CC94F2B658FF400DB506E = {
						CreatedOnToolsVersion = 15.1;
						TestTargetID = 049012B22B5D76AD00D87A09;
					};
					049012B22B5D76AD00D87A09 = {
						CreatedOnToolsVersion = 15.1;
					};
					04F7FCD12B602292001A6443 = {
						CreatedOnToolsVersion = 15.1;
						LastSwiftMigration = 1510;
						TestTargetID = 049012B22B5D76AD00D87A09;
					};
				};
			};
			buildConfigurationList = 049012AE2B5D76AD00D87A09 /* Build configuration list for PBXProject "SportsApp" */;
			compatibilityVersion = "Xcode 14.0";
			developmentRegion = en;
			hasScannedForEncodings = 0;
			knownRegions = (
				en,
				Base,
			);
			mainGroup = 049012AA2B5D76AD00D87A09;
			productRefGroup = 049012B42B5D76AD00D87A09 /* Products */;
			projectDirPath = "";
			projectRoot = "";
			targets = (
				049012B22B5D76AD00D87A09 /* SportsApp */,
				04F7FCD12B602292001A6443 /* SportsAppTests */,
				042CC94F2B658FF400DB506E /* SportsAppUITests */,
			);
		};
/* End PBXProject section */

/* Begin PBXResourcesBuildPhase section */
		042CC94E2B658FF400DB506E /* Resources */ = {
			isa = PBXResourcesBuildPhase;
			buildActionMask = 2147483647;
			files = (
			);
			runOnlyForDeploymentPostprocessing = 0;
		};
		049012B12B5D76AD00D87A09 /* Resources */ = {
			isa = PBXResourcesBuildPhase;
			buildActionMask = 2147483647;
			files = (
				04899AFD2B6D9D860077EC55 /* NoDataCollectionViewCell.xib in Resources */,
				04F7FCBA2B5FF28C001A6443 /* ball.json in Resources */,
				049012C32B5D76B000D87A09 /* LaunchScreen.storyboard in Resources */,
				048E34482B628C5600FD9B9F /* TeamCollectionViewCell.xib in Resources */,
				04F7FCB82B5FF283001A6443 /* fav.json in Resources */,
				048E34422B628C1F00FD9B9F /* CutomCollectionViewCell.xib in Resources */,
				048F683D2B60C39900540BD4 /* HomeCollectionViewCell.xib in Resources */,
				049012C02B5D76B000D87A09 /* Assets.xcassets in Resources */,
				048E34382B6269F300FD9B9F /* CustomTableViewCell.xib in Resources */,
				04A4F95F2B63D5C0004820FB /* TeamPlayerCustomCell.xib in Resources */,
				049012BE2B5D76AD00D87A09 /* Main.storyboard in Resources */,
			);
			runOnlyForDeploymentPostprocessing = 0;
		};
		04F7FCD02B602292001A6443 /* Resources */ = {
			isa = PBXResourcesBuildPhase;
			buildActionMask = 2147483647;
			files = (
			);
			runOnlyForDeploymentPostprocessing = 0;
		};
/* End PBXResourcesBuildPhase section */

/* Begin PBXShellScriptBuildPhase section */
		128776113A56619466430482 /* [CP] Embed Pods Frameworks */ = {
			isa = PBXShellScriptBuildPhase;
			buildActionMask = 2147483647;
			files = (
			);
			inputFileListPaths = (
				"${PODS_ROOT}/Target Support Files/Pods-SportsApp/Pods-SportsApp-frameworks-${CONFIGURATION}-input-files.xcfilelist",
			);
			name = "[CP] Embed Pods Frameworks";
			outputFileListPaths = (
				"${PODS_ROOT}/Target Support Files/Pods-SportsApp/Pods-SportsApp-frameworks-${CONFIGURATION}-output-files.xcfilelist",
			);
			runOnlyForDeploymentPostprocessing = 0;
			shellPath = /bin/sh;
			shellScript = "\"${PODS_ROOT}/Target Support Files/Pods-SportsApp/Pods-SportsApp-frameworks.sh\"\n";
			showEnvVarsInLog = 0;
		};
		E9A23B6988E932086FDAC054 /* [CP] Check Pods Manifest.lock */ = {
			isa = PBXShellScriptBuildPhase;
			buildActionMask = 2147483647;
			files = (
			);
			inputFileListPaths = (
			);
			inputPaths = (
				"${PODS_PODFILE_DIR_PATH}/Podfile.lock",
				"${PODS_ROOT}/Manifest.lock",
			);
			name = "[CP] Check Pods Manifest.lock";
			outputFileListPaths = (
			);
			outputPaths = (
				"$(DERIVED_FILE_DIR)/Pods-SportsApp-checkManifestLockResult.txt",
			);
			runOnlyForDeploymentPostprocessing = 0;
			shellPath = /bin/sh;
			shellScript = "diff \"${PODS_PODFILE_DIR_PATH}/Podfile.lock\" \"${PODS_ROOT}/Manifest.lock\" > /dev/null\nif [ $? != 0 ] ; then\n    # print error to STDERR\n    echo \"error: The sandbox is not in sync with the Podfile.lock. Run 'pod install' or update your CocoaPods installation.\" >&2\n    exit 1\nfi\n# This output is used by Xcode 'outputs' to avoid re-running this script phase.\necho \"SUCCESS\" > \"${SCRIPT_OUTPUT_FILE_0}\"\n";
			showEnvVarsInLog = 0;
		};
/* End PBXShellScriptBuildPhase section */

/* Begin PBXSourcesBuildPhase section */
		042CC94C2B658FF400DB506E /* Sources */ = {
			isa = PBXSourcesBuildPhase;
			buildActionMask = 2147483647;
			files = (
				042CC9532B658FF400DB506E /* SportsAppUITests.swift in Sources */,
				042CC9552B658FF400DB506E /* SportsAppUITestsLaunchTests.swift in Sources */,
			);
			runOnlyForDeploymentPostprocessing = 0;
		};
		049012AF2B5D76AD00D87A09 /* Sources */ = {
			isa = PBXSourcesBuildPhase;
			buildActionMask = 2147483647;
			files = (
				048DEA692B652DD00002588E /* Teams.swift in Sources */,
				048DEA512B650C0A0002588E /* FavouriteScreenViewModel.swift in Sources */,
				048DEA5B2B651FDB0002588E /* League.swift in Sources */,
				048DEA5D2B6521F90002588E /* Team.swift in Sources */,
				048F683C2B60C39900540BD4 /* HomeCollectionViewCell.swift in Sources */,
				048E344A2B62D3D700FD9B9F /* LeagueDetailViewController.swift in Sources */,
				048E344C2B63010700FD9B9F /* FavouriteScreenViewController.swift in Sources */,
				048DEA592B650CB50002588E /* NetworkReachabilityHandler.swift in Sources */,
				04F7FCCD2B6011D3001A6443 /* APIHelper.swift in Sources */,
				048DEA572B650CA60002588E /* NetworkRequestHandler.swift in Sources */,
				048DEA552B650C7C0002588E /* TeamViewModel.swift in Sources */,
				048DEA6B2B65411D0002588E /* DependencyProvider.swift in Sources */,
				04B8DC9D2B699A510027779D /* Events.swift in Sources */,
				04A4F95E2B63D5C0004820FB /* TeamPlayerCustomCell.swift in Sources */,
				04A9F3CF2B5F904100725B7A /* HomeViewController.swift in Sources */,
				048D0C9A2B682C2A0070CAB9 /* LeagueDetailsViewModel.swift in Sources */,
				048DEA612B6522F10002588E /* Event.swift in Sources */,
				049012B72B5D76AD00D87A09 /* AppDelegate.swift in Sources */,
				048DEA6D2B6546610002588E /* NoConnectionViewController.swift in Sources */,
				04B8DC9B2B6957B20027779D /* Observable.swift in Sources */,
				049012B92B5D76AD00D87A09 /* SceneDelegate.swift in Sources */,
				048E34472B628C5600FD9B9F /* TeamCollectionViewCell.swift in Sources */,
				04F7FCC22B6005BF001A6443 /* HomeViewModel.swift in Sources */,
				048E34412B628C1F00FD9B9F /* CutomCollectionViewCell.swift in Sources */,
				048E34372B6269F300FD9B9F /* CustomTableViewCell.swift in Sources */,
				04899AFC2B6D9D860077EC55 /* NoDataCollectionViewCell.swift in Sources */,
				048DEA5F2B6522530002588E /* Player.swift in Sources */,
				0494E8B92B5F553900F4AE2E /* LaunchScreenVC.swift in Sources */,
				048911BD2B642BE600F08FF7 /* HeaderCollectionReusableView.swift in Sources */,
				04AB62082B60EA6B00F8AA7C /* Constants.swift in Sources */,
				04A4F95B2B63B864004820FB /* TeamDetailsViewController.swift in Sources */,
				048DEA672B652B5B0002588E /* Leagues.swift in Sources */,
				048E34342B6268D800FD9B9F /* SportLeaguesTableViewController.swift in Sources */,
				048DEA532B650C660002588E /* LeagueViewModel.swift in Sources */,
			);
			runOnlyForDeploymentPostprocessing = 0;
		};
		04F7FCCE2B602292001A6443 /* Sources */ = {
			isa = PBXSourcesBuildPhase;
			buildActionMask = 2147483647;
			files = (
				042CC9602B6591B800DB506E /* NetworkReachabilityHandlerTests.swift in Sources */,
				042CC95D2B6590E600DB506E /* SportsAppTests.swift in Sources */,
			);
			runOnlyForDeploymentPostprocessing = 0;
		};
/* End PBXSourcesBuildPhase section */

/* Begin PBXTargetDependency section */
		042CC9572B658FF400DB506E /* PBXTargetDependency */ = {
			isa = PBXTargetDependency;
			target = 049012B22B5D76AD00D87A09 /* SportsApp */;
			targetProxy = 042CC9562B658FF400DB506E /* PBXContainerItemProxy */;
		};
		04F7FCD72B602292001A6443 /* PBXTargetDependency */ = {
			isa = PBXTargetDependency;
			target = 049012B22B5D76AD00D87A09 /* SportsApp */;
			targetProxy = 04F7FCD62B602292001A6443 /* PBXContainerItemProxy */;
		};
/* End PBXTargetDependency section */

/* Begin PBXVariantGroup section */
		049012BC2B5D76AD00D87A09 /* Main.storyboard */ = {
			isa = PBXVariantGroup;
			children = (
				049012BD2B5D76AD00D87A09 /* Base */,
			);
			name = Main.storyboard;
			sourceTree = "<group>";
		};
		049012C12B5D76B000D87A09 /* LaunchScreen.storyboard */ = {
			isa = PBXVariantGroup;
			children = (
				049012C22B5D76B000D87A09 /* Base */,
			);
			name = LaunchScreen.storyboard;
			sourceTree = "<group>";
		};
/* End PBXVariantGroup section */

/* Begin XCBuildConfiguration section */
		042CC9592B658FF400DB506E /* Debug */ = {
			isa = XCBuildConfiguration;
			buildSettings = {
				CODE_SIGN_STYLE = Automatic;
				CURRENT_PROJECT_VERSION = 1;
				GENERATE_INFOPLIST_FILE = YES;
				MARKETING_VERSION = 1.0;
				PRODUCT_BUNDLE_IDENTIFIER = ITI.SportsAppUITests;
				PRODUCT_NAME = "$(TARGET_NAME)";
				SWIFT_EMIT_LOC_STRINGS = NO;
				SWIFT_VERSION = 5.0;
				TARGETED_DEVICE_FAMILY = "1,2";
				TEST_TARGET_NAME = SportsApp;
			};
			name = Debug;
		};
		042CC95A2B658FF400DB506E /* Release */ = {
			isa = XCBuildConfiguration;
			buildSettings = {
				CODE_SIGN_STYLE = Automatic;
				CURRENT_PROJECT_VERSION = 1;
				GENERATE_INFOPLIST_FILE = YES;
				MARKETING_VERSION = 1.0;
				PRODUCT_BUNDLE_IDENTIFIER = ITI.SportsAppUITests;
				PRODUCT_NAME = "$(TARGET_NAME)";
				SWIFT_EMIT_LOC_STRINGS = NO;
				SWIFT_VERSION = 5.0;
				TARGETED_DEVICE_FAMILY = "1,2";
				TEST_TARGET_NAME = SportsApp;
			};
			name = Release;
		};
		049012C52B5D76B000D87A09 /* Debug */ = {
			isa = XCBuildConfiguration;
			buildSettings = {
				ALWAYS_SEARCH_USER_PATHS = NO;
				ASSETCATALOG_COMPILER_GENERATE_SWIFT_ASSET_SYMBOL_EXTENSIONS = YES;
				CLANG_ANALYZER_NONNULL = YES;
				CLANG_ANALYZER_NUMBER_OBJECT_CONVERSION = YES_AGGRESSIVE;
				CLANG_CXX_LANGUAGE_STANDARD = "gnu++20";
				CLANG_ENABLE_MODULES = YES;
				CLANG_ENABLE_OBJC_ARC = YES;
				CLANG_ENABLE_OBJC_WEAK = YES;
				CLANG_WARN_BLOCK_CAPTURE_AUTORELEASING = YES;
				CLANG_WARN_BOOL_CONVERSION = YES;
				CLANG_WARN_COMMA = YES;
				CLANG_WARN_CONSTANT_CONVERSION = YES;
				CLANG_WARN_DEPRECATED_OBJC_IMPLEMENTATIONS = YES;
				CLANG_WARN_DIRECT_OBJC_ISA_USAGE = YES_ERROR;
				CLANG_WARN_DOCUMENTATION_COMMENTS = YES;
				CLANG_WARN_EMPTY_BODY = YES;
				CLANG_WARN_ENUM_CONVERSION = YES;
				CLANG_WARN_INFINITE_RECURSION = YES;
				CLANG_WARN_INT_CONVERSION = YES;
				CLANG_WARN_NON_LITERAL_NULL_CONVERSION = YES;
				CLANG_WARN_OBJC_IMPLICIT_RETAIN_SELF = YES;
				CLANG_WARN_OBJC_LITERAL_CONVERSION = YES;
				CLANG_WARN_OBJC_ROOT_CLASS = YES_ERROR;
				CLANG_WARN_QUOTED_INCLUDE_IN_FRAMEWORK_HEADER = YES;
				CLANG_WARN_RANGE_LOOP_ANALYSIS = YES;
				CLANG_WARN_STRICT_PROTOTYPES = YES;
				CLANG_WARN_SUSPICIOUS_MOVE = YES;
				CLANG_WARN_UNGUARDED_AVAILABILITY = YES_AGGRESSIVE;
				CLANG_WARN_UNREACHABLE_CODE = YES;
				CLANG_WARN__DUPLICATE_METHOD_MATCH = YES;
				COPY_PHASE_STRIP = NO;
				DEBUG_INFORMATION_FORMAT = dwarf;
				ENABLE_STRICT_OBJC_MSGSEND = YES;
				ENABLE_TESTABILITY = YES;
				ENABLE_USER_SCRIPT_SANDBOXING = YES;
				GCC_C_LANGUAGE_STANDARD = gnu17;
				GCC_DYNAMIC_NO_PIC = NO;
				GCC_NO_COMMON_BLOCKS = YES;
				GCC_OPTIMIZATION_LEVEL = 0;
				GCC_PREPROCESSOR_DEFINITIONS = (
					"DEBUG=1",
					"$(inherited)",
				);
				GCC_WARN_64_TO_32_BIT_CONVERSION = YES;
				GCC_WARN_ABOUT_RETURN_TYPE = YES_ERROR;
				GCC_WARN_UNDECLARED_SELECTOR = YES;
				GCC_WARN_UNINITIALIZED_AUTOS = YES_AGGRESSIVE;
				GCC_WARN_UNUSED_FUNCTION = YES;
				GCC_WARN_UNUSED_VARIABLE = YES;
				IPHONEOS_DEPLOYMENT_TARGET = 17.2;
				LOCALIZATION_PREFERS_STRING_CATALOGS = YES;
				MTL_ENABLE_DEBUG_INFO = INCLUDE_SOURCE;
				MTL_FAST_MATH = YES;
				ONLY_ACTIVE_ARCH = YES;
				SDKROOT = iphoneos;
				SWIFT_ACTIVE_COMPILATION_CONDITIONS = "DEBUG $(inherited)";
				SWIFT_OPTIMIZATION_LEVEL = "-Onone";
			};
			name = Debug;
		};
		049012C62B5D76B000D87A09 /* Release */ = {
			isa = XCBuildConfiguration;
			buildSettings = {
				ALWAYS_SEARCH_USER_PATHS = NO;
				ASSETCATALOG_COMPILER_GENERATE_SWIFT_ASSET_SYMBOL_EXTENSIONS = YES;
				CLANG_ANALYZER_NONNULL = YES;
				CLANG_ANALYZER_NUMBER_OBJECT_CONVERSION = YES_AGGRESSIVE;
				CLANG_CXX_LANGUAGE_STANDARD = "gnu++20";
				CLANG_ENABLE_MODULES = YES;
				CLANG_ENABLE_OBJC_ARC = YES;
				CLANG_ENABLE_OBJC_WEAK = YES;
				CLANG_WARN_BLOCK_CAPTURE_AUTORELEASING = YES;
				CLANG_WARN_BOOL_CONVERSION = YES;
				CLANG_WARN_COMMA = YES;
				CLANG_WARN_CONSTANT_CONVERSION = YES;
				CLANG_WARN_DEPRECATED_OBJC_IMPLEMENTATIONS = YES;
				CLANG_WARN_DIRECT_OBJC_ISA_USAGE = YES_ERROR;
				CLANG_WARN_DOCUMENTATION_COMMENTS = YES;
				CLANG_WARN_EMPTY_BODY = YES;
				CLANG_WARN_ENUM_CONVERSION = YES;
				CLANG_WARN_INFINITE_RECURSION = YES;
				CLANG_WARN_INT_CONVERSION = YES;
				CLANG_WARN_NON_LITERAL_NULL_CONVERSION = YES;
				CLANG_WARN_OBJC_IMPLICIT_RETAIN_SELF = YES;
				CLANG_WARN_OBJC_LITERAL_CONVERSION = YES;
				CLANG_WARN_OBJC_ROOT_CLASS = YES_ERROR;
				CLANG_WARN_QUOTED_INCLUDE_IN_FRAMEWORK_HEADER = YES;
				CLANG_WARN_RANGE_LOOP_ANALYSIS = YES;
				CLANG_WARN_STRICT_PROTOTYPES = YES;
				CLANG_WARN_SUSPICIOUS_MOVE = YES;
				CLANG_WARN_UNGUARDED_AVAILABILITY = YES_AGGRESSIVE;
				CLANG_WARN_UNREACHABLE_CODE = YES;
				CLANG_WARN__DUPLICATE_METHOD_MATCH = YES;
				COPY_PHASE_STRIP = NO;
				DEBUG_INFORMATION_FORMAT = "dwarf-with-dsym";
				ENABLE_NS_ASSERTIONS = NO;
				ENABLE_STRICT_OBJC_MSGSEND = YES;
				ENABLE_USER_SCRIPT_SANDBOXING = YES;
				GCC_C_LANGUAGE_STANDARD = gnu17;
				GCC_NO_COMMON_BLOCKS = YES;
				GCC_WARN_64_TO_32_BIT_CONVERSION = YES;
				GCC_WARN_ABOUT_RETURN_TYPE = YES_ERROR;
				GCC_WARN_UNDECLARED_SELECTOR = YES;
				GCC_WARN_UNINITIALIZED_AUTOS = YES_AGGRESSIVE;
				GCC_WARN_UNUSED_FUNCTION = YES;
				GCC_WARN_UNUSED_VARIABLE = YES;
				IPHONEOS_DEPLOYMENT_TARGET = 17.2;
				LOCALIZATION_PREFERS_STRING_CATALOGS = YES;
				MTL_ENABLE_DEBUG_INFO = NO;
				MTL_FAST_MATH = YES;
				SDKROOT = iphoneos;
				SWIFT_COMPILATION_MODE = wholemodule;
				VALIDATE_PRODUCT = YES;
			};
			name = Release;
		};
		049012C82B5D76B000D87A09 /* Debug */ = {
			isa = XCBuildConfiguration;
			baseConfigurationReference = 2AE0C3B627C4CCCF09D5E3C1 /* Pods-SportsApp.debug.xcconfig */;
			buildSettings = {
				ASSETCATALOG_COMPILER_APPICON_NAME = AppIcon;
				ASSETCATALOG_COMPILER_GLOBAL_ACCENT_COLOR_NAME = AccentColor;
				CODE_SIGN_STYLE = Automatic;
				CURRENT_PROJECT_VERSION = 1;
				ENABLE_USER_SCRIPT_SANDBOXING = NO;
				GENERATE_INFOPLIST_FILE = YES;
				INFOPLIST_FILE = SportsApp/Info.plist;
				INFOPLIST_KEY_UIApplicationSupportsIndirectInputEvents = YES;
				INFOPLIST_KEY_UILaunchStoryboardName = LaunchScreen;
				INFOPLIST_KEY_UIMainStoryboardFile = Main;
				INFOPLIST_KEY_UISupportedInterfaceOrientations_iPad = "UIInterfaceOrientationPortrait UIInterfaceOrientationPortraitUpsideDown UIInterfaceOrientationLandscapeLeft UIInterfaceOrientationLandscapeRight";
				INFOPLIST_KEY_UISupportedInterfaceOrientations_iPhone = "UIInterfaceOrientationPortrait UIInterfaceOrientationLandscapeLeft UIInterfaceOrientationLandscapeRight";
				LD_RUNPATH_SEARCH_PATHS = (
					"$(inherited)",
					"@executable_path/Frameworks",
				);
				MARKETING_VERSION = 1.0;
				PRODUCT_BUNDLE_IDENTIFIER = ITI.SportsApp;
				PRODUCT_NAME = "$(TARGET_NAME)";
				SWIFT_EMIT_LOC_STRINGS = YES;
				SWIFT_VERSION = 5.0;
				TARGETED_DEVICE_FAMILY = "1,2";
			};
			name = Debug;
		};
		049012C92B5D76B000D87A09 /* Release */ = {
			isa = XCBuildConfiguration;
			baseConfigurationReference = BD07569AC71DC5FA7E62FE9F /* Pods-SportsApp.release.xcconfig */;
			buildSettings = {
				ASSETCATALOG_COMPILER_APPICON_NAME = AppIcon;
				ASSETCATALOG_COMPILER_GLOBAL_ACCENT_COLOR_NAME = AccentColor;
				CODE_SIGN_STYLE = Automatic;
				CURRENT_PROJECT_VERSION = 1;
				ENABLE_USER_SCRIPT_SANDBOXING = NO;
				GENERATE_INFOPLIST_FILE = YES;
				INFOPLIST_FILE = SportsApp/Info.plist;
				INFOPLIST_KEY_UIApplicationSupportsIndirectInputEvents = YES;
				INFOPLIST_KEY_UILaunchStoryboardName = LaunchScreen;
				INFOPLIST_KEY_UIMainStoryboardFile = Main;
				INFOPLIST_KEY_UISupportedInterfaceOrientations_iPad = "UIInterfaceOrientationPortrait UIInterfaceOrientationPortraitUpsideDown UIInterfaceOrientationLandscapeLeft UIInterfaceOrientationLandscapeRight";
				INFOPLIST_KEY_UISupportedInterfaceOrientations_iPhone = "UIInterfaceOrientationPortrait UIInterfaceOrientationLandscapeLeft UIInterfaceOrientationLandscapeRight";
				LD_RUNPATH_SEARCH_PATHS = (
					"$(inherited)",
					"@executable_path/Frameworks",
				);
				MARKETING_VERSION = 1.0;
				PRODUCT_BUNDLE_IDENTIFIER = ITI.SportsApp;
				PRODUCT_NAME = "$(TARGET_NAME)";
				SWIFT_EMIT_LOC_STRINGS = YES;
				SWIFT_VERSION = 5.0;
				TARGETED_DEVICE_FAMILY = "1,2";
			};
			name = Release;
		};
		04F7FCD92B602292001A6443 /* Debug */ = {
			isa = XCBuildConfiguration;
			buildSettings = {
				BUNDLE_LOADER = "$(TEST_HOST)";
				CLANG_ENABLE_MODULES = YES;
				CODE_SIGN_STYLE = Automatic;
				CURRENT_PROJECT_VERSION = 1;
				GENERATE_INFOPLIST_FILE = YES;
				IPHONEOS_DEPLOYMENT_TARGET = 17.2;
				MACOSX_DEPLOYMENT_TARGET = 14.1;
				MARKETING_VERSION = 1.0;
				PRODUCT_BUNDLE_IDENTIFIER = ITI.SportsAppTests;
				PRODUCT_NAME = "$(TARGET_NAME)";
				SDKROOT = auto;
				SUPPORTED_PLATFORMS = "iphoneos iphonesimulator macosx";
				SWIFT_EMIT_LOC_STRINGS = NO;
				SWIFT_OPTIMIZATION_LEVEL = "-Onone";
				SWIFT_VERSION = 5.0;
				TARGETED_DEVICE_FAMILY = "1,2";
				TEST_HOST = "$(BUILT_PRODUCTS_DIR)/SportsApp.app/$(BUNDLE_EXECUTABLE_FOLDER_PATH)/SportsApp";
			};
			name = Debug;
		};
		04F7FCDA2B602292001A6443 /* Release */ = {
			isa = XCBuildConfiguration;
			buildSettings = {
				BUNDLE_LOADER = "$(TEST_HOST)";
				CLANG_ENABLE_MODULES = YES;
				CODE_SIGN_STYLE = Automatic;
				CURRENT_PROJECT_VERSION = 1;
				GENERATE_INFOPLIST_FILE = YES;
				IPHONEOS_DEPLOYMENT_TARGET = 17.2;
				MACOSX_DEPLOYMENT_TARGET = 14.1;
				MARKETING_VERSION = 1.0;
				PRODUCT_BUNDLE_IDENTIFIER = ITI.SportsAppTests;
				PRODUCT_NAME = "$(TARGET_NAME)";
				SDKROOT = auto;
				SUPPORTED_PLATFORMS = "iphoneos iphonesimulator macosx";
				SWIFT_EMIT_LOC_STRINGS = NO;
				SWIFT_VERSION = 5.0;
				TARGETED_DEVICE_FAMILY = "1,2";
				TEST_HOST = "$(BUILT_PRODUCTS_DIR)/SportsApp.app/$(BUNDLE_EXECUTABLE_FOLDER_PATH)/SportsApp";
			};
			name = Release;
		};
/* End XCBuildConfiguration section */

/* Begin XCConfigurationList section */
		042CC9582B658FF400DB506E /* Build configuration list for PBXNativeTarget "SportsAppUITests" */ = {
			isa = XCConfigurationList;
			buildConfigurations = (
				042CC9592B658FF400DB506E /* Debug */,
				042CC95A2B658FF400DB506E /* Release */,
			);
			defaultConfigurationIsVisible = 0;
			defaultConfigurationName = Release;
		};
		049012AE2B5D76AD00D87A09 /* Build configuration list for PBXProject "SportsApp" */ = {
			isa = XCConfigurationList;
			buildConfigurations = (
				049012C52B5D76B000D87A09 /* Debug */,
				049012C62B5D76B000D87A09 /* Release */,
			);
			defaultConfigurationIsVisible = 0;
			defaultConfigurationName = Release;
		};
		049012C72B5D76B000D87A09 /* Build configuration list for PBXNativeTarget "SportsApp" */ = {
			isa = XCConfigurationList;
			buildConfigurations = (
				049012C82B5D76B000D87A09 /* Debug */,
				049012C92B5D76B000D87A09 /* Release */,
			);
			defaultConfigurationIsVisible = 0;
			defaultConfigurationName = Release;
		};
		04F7FCD82B602292001A6443 /* Build configuration list for PBXNativeTarget "SportsAppTests" */ = {
			isa = XCConfigurationList;
			buildConfigurations = (
				04F7FCD92B602292001A6443 /* Debug */,
				04F7FCDA2B602292001A6443 /* Release */,
			);
			defaultConfigurationIsVisible = 0;
			defaultConfigurationName = Release;
		};
/* End XCConfigurationList section */
	};
	rootObject = 049012AB2B5D76AD00D87A09 /* Project object */;
}
